
Microsoft Visual Studio Solution File, Format Version 12.00
# Visual Studio Version 17
VisualStudioVersion = 17.11.35208.52
MinimumVisualStudioVersion = 10.0.40219.1
Project("{FAE04EC0-301F-11D3-BF4B-00C04F79EFBC}") = "Dominio", "..\Dominio\Dominio.csproj", "{BADAD584-40BE-48AF-A909-09AF02DD8367}"
EndProject
Project("{FAE04EC0-301F-11D3-BF4B-00C04F79EFBC}") = "Consola", "..\Consola\Consola.csproj", "{D69B3D69-031F-437F-8133-CAE7AAD064B3}"
EndProject
Global
	GlobalSection(SolutionConfigurationPlatforms) = preSolution
		Debug|Any CPU = Debug|Any CPU
		Release|Any CPU = Release|Any CPU
	EndGlobalSection
	GlobalSection(ProjectConfigurationPlatforms) = postSolution
		{BADAD584-40BE-48AF-A909-09AF02DD8367}.Debug|Any CPU.ActiveCfg = Debug|Any CPU
		{BADAD584-40BE-48AF-A909-09AF02DD8367}.Debug|Any CPU.Build.0 = Debug|Any CPU
		{BADAD584-40BE-48AF-A909-09AF02DD8367}.Release|Any CPU.ActiveCfg = Release|Any CPU
		{BADAD584-40BE-48AF-A909-09AF02DD8367}.Release|Any CPU.Build.0 = Release|Any CPU
		{D69B3D69-031F-437F-8133-CAE7AAD064B3}.Debug|Any CPU.ActiveCfg = Debug|Any CPU
		{D69B3D69-031F-437F-8133-CAE7AAD064B3}.Debug|Any CPU.Build.0 = Debug|Any CPU
		{D69B3D69-031F-437F-8133-CAE7AAD064B3}.Release|Any CPU.ActiveCfg = Release|Any CPU
		{D69B3D69-031F-437F-8133-CAE7AAD064B3}.Release|Any CPU.Build.0 = Release|Any CPU
	EndGlobalSection
	GlobalSection(SolutionProperties) = preSolution
		HideSolutionNode = FALSE
	EndGlobalSection
	GlobalSection(ExtensibilityGlobals) = postSolution
		SolutionGuid = {B9E2CF9A-7096-4297-A2CC-B442E0C6B845}
	EndGlobalSection
EndGlobal
